// !$*UTF8*$!
{
	archiveVersion = 1;
	classes = {
	};
	objectVersion = 46;
	objects = {

/* Begin PBXBuildFile section */
		61694FA21D1A814500F53466 /* AppDelegate.swift in Sources */ = {isa = PBXBuildFile; fileRef = 61694FA11D1A814500F53466 /* AppDelegate.swift */; };
		61694FA41D1A814500F53466 /* ViewController.swift in Sources */ = {isa = PBXBuildFile; fileRef = 61694FA31D1A814500F53466 /* ViewController.swift */; };
		61694FA71D1A814500F53466 /* Main.storyboard in Resources */ = {isa = PBXBuildFile; fileRef = 61694FA51D1A814500F53466 /* Main.storyboard */; };
		61694FA91D1A814500F53466 /* Assets.xcassets in Resources */ = {isa = PBXBuildFile; fileRef = 61694FA81D1A814500F53466 /* Assets.xcassets */; };
		61694FAC1D1A814500F53466 /* LaunchScreen.storyboard in Resources */ = {isa = PBXBuildFile; fileRef = 61694FAA1D1A814500F53466 /* LaunchScreen.storyboard */; };
		61694FB71D1A814500F53466 /* testTests.swift in Sources */ = {isa = PBXBuildFile; fileRef = 61694FB61D1A814500F53466 /* testTests.swift */; };
		61694FC21D1A814500F53466 /* testUITests.swift in Sources */ = {isa = PBXBuildFile; fileRef = 61694FC11D1A814500F53466 /* testUITests.swift */; };
/* End PBXBuildFile section */

/* Begin PBXContainerItemProxy section */
		61694FB31D1A814500F53466 /* PBXContainerItemProxy */ = {
			isa = PBXContainerItemProxy;
			containerPortal = 61694F961D1A814500F53466 /* Project object */;
			proxyType = 1;
			remoteGlobalIDString = 61694F9D1D1A814500F53466;
			remoteInfo = test;
		};
		61694FBE1D1A814500F53466 /* PBXContainerItemProxy */ = {
			isa = PBXContainerItemProxy;
			containerPortal = 61694F961D1A814500F53466 /* Project object */;
			proxyType = 1;
			remoteGlobalIDString = 61694F9D1D1A814500F53466;
			remoteInfo = test;
		};
/* End PBXContainerItemProxy section */

/* Begin PBXFileReference section */
		61694F9E1D1A814500F53466 /* test.app */ = {isa = PBXFileReference; explicitFileType = wrapper.application; includeInIndex = 0; path = test.app; sourceTree = BUILT_PRODUCTS_DIR; };
		61694FA11D1A814500F53466 /* AppDelegate.swift */ = {isa = PBXFileReference; lastKnownFileType = sourcecode.swift; path = AppDelegate.swift; sourceTree = "<group>"; };
		61694FA31D1A814500F53466 /* ViewController.swift */ = {isa = PBXFileReference; lastKnownFileType = sourcecode.swift; path = ViewController.swift; sourceTree = "<group>"; };
		61694FA61D1A814500F53466 /* Base */ = {isa = PBXFileReference; lastKnownFileType = file.storyboard; name = Base; path = Base.lproj/Main.storyboard; sourceTree = "<group>"; };
		61694FA81D1A814500F53466 /* Assets.xcassets */ = {isa = PBXFileReference; lastKnownFileType = folder.assetcatalog; path = Assets.xcassets; sourceTree = "<group>"; };
		61694FAB1D1A814500F53466 /* Base */ = {isa = PBXFileReference; lastKnownFileType = file.storyboard; name = Base; path = Base.lproj/LaunchScreen.storyboard; sourceTree = "<group>"; };
		61694FAD1D1A814500F53466 /* Info.plist */ = {isa = PBXFileReference; lastKnownFileType = text.plist.xml; path = Info.plist; sourceTree = "<group>"; };
		61694FB21D1A814500F53466 /* testTests.xctest */ = {isa = PBXFileReference; explicitFileType = wrapper.cfbundle; includeInIndex = 0; path = testTests.xctest; sourceTree = BUILT_PRODUCTS_DIR; };
		61694FB61D1A814500F53466 /* testTests.swift */ = {isa = PBXFileReference; lastKnownFileType = sourcecode.swift; path = testTests.swift; sourceTree = "<group>"; };
		61694FB81D1A814500F53466 /* Info.plist */ = {isa = PBXFileReference; lastKnownFileType = text.plist.xml; path = Info.plist; sourceTree = "<group>"; };
		61694FBD1D1A814500F53466 /* testUITests.xctest */ = {isa = PBXFileReference; explicitFileType = wrapper.cfbundle; includeInIndex = 0; path = testUITests.xctest; sourceTree = BUILT_PRODUCTS_DIR; };
		61694FC11D1A814500F53466 /* testUITests.swift */ = {isa = PBXFileReference; lastKnownFileType = sourcecode.swift; path = testUITests.swift; sourceTree = "<group>"; };
		61694FC31D1A814500F53466 /* Info.plist */ = {isa = PBXFileReference; lastKnownFileType = text.plist.xml; path = Info.plist; sourceTree = "<group>"; };
/* End PBXFileReference section */

/* Begin PBXFrameworksBuildPhase section */
		61694F9B1D1A814500F53466 /* Frameworks */ = {
			isa = PBXFrameworksBuildPhase;
			buildActionMask = 2147483647;
			files = (
			);
			runOnlyForDeploymentPostprocessing = 0;
		};
		61694FAF1D1A814500F53466 /* Frameworks */ = {
			isa = PBXFrameworksBuildPhase;
			buildActionMask = 2147483647;
			files = (
			);
			runOnlyForDeploymentPostprocessing = 0;
		};
		61694FBA1D1A814500F53466 /* Frameworks */ = {
			isa = PBXFrameworksBuildPhase;
			buildActionMask = 2147483647;
			files = (
			);
			runOnlyForDeploymentPostprocessing = 0;
		};
/* End PBXFrameworksBuildPhase section */

/* Begin PBXGroup section */
		61694F951D1A814500F53466 = {
			isa = PBXGroup;
			children = (
				61694FA01D1A814500F53466 /* test */,
				61694FB51D1A814500F53466 /* testTests */,
				61694FC01D1A814500F53466 /* testUITests */,
				61694F9F1D1A814500F53466 /* Products */,
			);
			sourceTree = "<group>";
		};
		61694F9F1D1A814500F53466 /* Products */ = {
			isa = PBXGroup;
			children = (
				61694F9E1D1A814500F53466 /* test.app */,
				61694FB21D1A814500F53466 /* testTests.xctest */,
				61694FBD1D1A814500F53466 /* testUITests.xctest */,
			);
			name = Products;
			sourceTree = "<group>";
		};
		61694FA01D1A814500F53466 /* test */ = {
			isa = PBXGroup;
			children = (
				61694FA11D1A814500F53466 /* AppDelegate.swift */,
				61694FA31D1A814500F53466 /* ViewController.swift */,
				61694FA51D1A814500F53466 /* Main.storyboard */,
				61694FA81D1A814500F53466 /* Assets.xcassets */,
				61694FAA1D1A814500F53466 /* LaunchScreen.storyboard */,
				61694FAD1D1A814500F53466 /* Info.plist */,
			);
			path = test;
			sourceTree = "<group>";
		};
		61694FB51D1A814500F53466 /* testTests */ = {
			isa = PBXGroup;
			children = (
				61694FB61D1A814500F53466 /* testTests.swift */,
				61694FB81D1A814500F53466 /* Info.plist */,
			);
			path = testTests;
			sourceTree = "<group>";
		};
		61694FC01D1A814500F53466 /* testUITests */ = {
			isa = PBXGroup;
			children = (
				61694FC11D1A814500F53466 /* testUITests.swift */,
				61694FC31D1A814500F53466 /* Info.plist */,
			);
			path = testUITests;
			sourceTree = "<group>";
		};
/* End PBXGroup section */

/* Begin PBXNativeTarget section */
		61694F9D1D1A814500F53466 /* test */ = {
			isa = PBXNativeTarget;
			buildConfigurationList = 61694FC61D1A814500F53466 /* Build configuration list for PBXNativeTarget "test" */;
			buildPhases = (
				61694F9A1D1A814500F53466 /* Sources */,
				61694F9B1D1A814500F53466 /* Frameworks */,
				61694F9C1D1A814500F53466 /* Resources */,
			);
			buildRules = (
			);
			dependencies = (
			);
			name = test;
			productName = test;
			productReference = 61694F9E1D1A814500F53466 /* test.app */;
			productType = "com.apple.product-type.application";
		};
		61694FB11D1A814500F53466 /* testTests */ = {
			isa = PBXNativeTarget;
			buildConfigurationList = 61694FC91D1A814500F53466 /* Build configuration list for PBXNativeTarget "testTests" */;
			buildPhases = (
				61694FAE1D1A814500F53466 /* Sources */,
				61694FAF1D1A814500F53466 /* Frameworks */,
				61694FB01D1A814500F53466 /* Resources */,
			);
			buildRules = (
			);
			dependencies = (
				61694FB41D1A814500F53466 /* PBXTargetDependency */,
			);
			name = testTests;
			productName = testTests;
			productReference = 61694FB21D1A814500F53466 /* testTests.xctest */;
			productType = "com.apple.product-type.bundle.unit-test";
		};
		61694FBC1D1A814500F53466 /* testUITests */ = {
			isa = PBXNativeTarget;
			buildConfigurationList = 61694FCC1D1A814500F53466 /* Build configuration list for PBXNativeTarget "testUITests" */;
			buildPhases = (
				61694FB91D1A814500F53466 /* Sources */,
				61694FBA1D1A814500F53466 /* Frameworks */,
				61694FBB1D1A814500F53466 /* Resources */,
			);
			buildRules = (
			);
			dependencies = (
				61694FBF1D1A814500F53466 /* PBXTargetDependency */,
			);
			name = testUITests;
			productName = testUITests;
			productReference = 61694FBD1D1A814500F53466 /* testUITests.xctest */;
			productType = "com.apple.product-type.bundle.ui-testing";
		};
/* End PBXNativeTarget section */

/* Begin PBXProject section */
		61694F961D1A814500F53466 /* Project object */ = {
			isa = PBXProject;
			attributes = {
				LastSwiftUpdateCheck = 0730;
				LastUpgradeCheck = 0730;
				ORGANIZATIONNAME = "李晓晋";
				TargetAttributes = {
					61694F9D1D1A814500F53466 = {
						CreatedOnToolsVersion = 7.3.1;
					};
					61694FB11D1A814500F53466 = {
						CreatedOnToolsVersion = 7.3.1;
						TestTargetID = 61694F9D1D1A814500F53466;
					};
					61694FBC1D1A814500F53466 = {
						CreatedOnToolsVersion = 7.3.1;
						TestTargetID = 61694F9D1D1A814500F53466;
					};
				};
			};
			buildConfigurationList = 61694F991D1A814500F53466 /* Build configuration list for PBXProject "test" */;
			compatibilityVersion = "Xcode 3.2";
			developmentRegion = English;
			hasScannedForEncodings = 0;
			knownRegions = (
				en,
				Base,
			);
			mainGroup = 61694F951D1A814500F53466;
			productRefGroup = 61694F9F1D1A814500F53466 /* Products */;
			projectDirPath = "";
			projectRoot = "";
			targets = (
				61694F9D1D1A814500F53466 /* test */,
				61694FB11D1A814500F53466 /* testTests */,
				61694FBC1D1A814500F53466 /* testUITests */,
			);
		};
/* End PBXProject section */

/* Begin PBXResourcesBuildPhase section */
		61694F9C1D1A814500F53466 /* Resources */ = {
			isa = PBXResourcesBuildPhase;
			buildActionMask = 2147483647;
			files = (
				61694FAC1D1A814500F53466 /* LaunchScreen.storyboard in Resources */,
				61694FA91D1A814500F53466 /* Assets.xcassets in Resources */,
				61694FA71D1A814500F53466 /* Main.storyboard in Resources */,
			);
			runOnlyForDeploymentPostprocessing = 0;
		};
		61694FB01D1A814500F53466 /* Resources */ = {
			isa = PBXResourcesBuildPhase;
			buildActionMask = 2147483647;
			files = (
			);
			runOnlyForDeploymentPostprocessing = 0;
		};
		61694FBB1D1A814500F53466 /* Resources */ = {
			isa = PBXResourcesBuildPhase;
			buildActionMask = 2147483647;
			files = (
			);
			runOnlyForDeploymentPostprocessing = 0;
		};
/* End PBXResourcesBuildPhase section */

/* Begin PBXSourcesBuildPhase section */
		61694F9A1D1A814500F53466 /* Sources */ = {
			isa = PBXSourcesBuildPhase;
			buildActionMask = 2147483647;
			files = (
				61694FA41D1A814500F53466 /* ViewController.swift in Sources */,
				61694FA21D1A814500F53466 /* AppDelegate.swift in Sources */,
			);
			runOnlyForDeploymentPostprocessing = 0;
		};
		61694FAE1D1A814500F53466 /* Sources */ = {
			isa = PBXSourcesBuildPhase;
			buildActionMask = 2147483647;
			files = (
				61694FB71D1A814500F53466 /* testTests.swift in Sources */,
			);
			runOnlyForDeploymentPostprocessing = 0;
		};
		61694FB91D1A814500F53466 /* Sources */ = {
			isa = PBXSourcesBuildPhase;
			buildActionMask = 2147483647;
			files = (
				61694FC21D1A814500F53466 /* testUITests.swift in Sources */,
			);
			runOnlyForDeploymentPostprocessing = 0;
		};
/* End PBXSourcesBuildPhase section */

/* Begin PBXTargetDependency section */
		61694FB41D1A814500F53466 /* PBXTargetDependency */ = {
			isa = PBXTargetDependency;
			target = 61694F9D1D1A814500F53466 /* test */;
			targetProxy = 61694FB31D1A814500F53466 /* PBXContainerItemProxy */;
		};
		61694FBF1D1A814500F53466 /* PBXTargetDependency */ = {
			isa = PBXTargetDependency;
			target = 61694F9D1D1A814500F53466 /* test */;
			targetProxy = 61694FBE1D1A814500F53466 /* PBXContainerItemProxy */;
		};
/* End PBXTargetDependency section */

/* Begin PBXVariantGroup section */
		61694FA51D1A814500F53466 /* Main.storyboard */ = {
			isa = PBXVariantGroup;
			children = (
				61694FA61D1A814500F53466 /* Base */,
			);
			name = Main.storyboard;
			sourceTree = "<group>";
		};
		61694FAA1D1A814500F53466 /* LaunchScreen.storyboard */ = {
			isa = PBXVariantGroup;
			children = (
				61694FAB1D1A814500F53466 /* Base */,
			);
			name = LaunchScreen.storyboard;
			sourceTree = "<group>";
		};
/* End PBXVariantGroup section */

/* Begin XCBuildConfiguration section */
		61694FC41D1A814500F53466 /* Debug */ = {
			isa = XCBuildConfiguration;
			buildSettings = {
				ALWAYS_SEARCH_USER_PATHS = NO;
				CLANG_ANALYZER_NONNULL = YES;
				CLANG_CXX_LANGUAGE_STANDARD = "gnu++0x";
				CLANG_CXX_LIBRARY = "libc++";
				CLANG_ENABLE_MODULES = YES;
				CLANG_ENABLE_OBJC_ARC = YES;
				CLANG_WARN_BOOL_CONVERSION = YES;
				CLANG_WARN_CONSTANT_CONVERSION = YES;
				CLANG_WARN_DIRECT_OBJC_ISA_USAGE = YES_ERROR;
				CLANG_WARN_EMPTY_BODY = YES;
				CLANG_WARN_ENUM_CONVERSION = YES;
				CLANG_WARN_INT_CONVERSION = YES;
				CLANG_WARN_OBJC_ROOT_CLASS = YES_ERROR;
				CLANG_WARN_UNREACHABLE_CODE = YES;
				CLANG_WARN__DUPLICATE_METHOD_MATCH = YES;
				"CODE_SIGN_IDENTITY[sdk=iphoneos*]" = "iPhone Developer";
				COPY_PHASE_STRIP = NO;
				DEBUG_INFORMATION_FORMAT = dwarf;
				ENABLE_STRICT_OBJC_MSGSEND = YES;
				ENABLE_TESTABILITY = YES;
				GCC_C_LANGUAGE_STANDARD = gnu99;
				GCC_DYNAMIC_NO_PIC = NO;
				GCC_NO_COMMON_BLOCKS = YES;
				GCC_OPTIMIZATION_LEVEL = 0;
				GCC_PREPROCESSOR_DEFINITIONS = (
					"DEBUG=1",
					"$(inherited)",
				);
				GCC_WARN_64_TO_32_BIT_CONVERSION = YES;
				GCC_WARN_ABOUT_RETURN_TYPE = YES_ERROR;
				GCC_WARN_UNDECLARED_SELECTOR = YES;
				GCC_WARN_UNINITIALIZED_AUTOS = YES_AGGRESSIVE;
				GCC_WARN_UNUSED_FUNCTION = YES;
				GCC_WARN_UNUSED_VARIABLE = YES;
				IPHONEOS_DEPLOYMENT_TARGET = 9.3;
				MTL_ENABLE_DEBUG_INFO = YES;
				ONLY_ACTIVE_ARCH = YES;
				SDKROOT = iphoneos;
				SWIFT_OPTIMIZATION_LEVEL = "-Onone";
				TARGETED_DEVICE_FAMILY = "1,2";
			};
			name = Debug;
		};
		61694FC51D1A814500F53466 /* Release */ = {
			isa = XCBuildConfiguration;
			buildSettings = {
				ALWAYS_SEARCH_USER_PATHS = NO;
				CLANG_ANALYZER_NONNULL = YES;
				CLANG_CXX_LANGUAGE_STANDARD = "gnu++0x";
				CLANG_CXX_LIBRARY = "libc++";
				CLANG_ENABLE_MODULES = YES;
				CLANG_ENABLE_OBJC_ARC = YES;
				CLANG_WARN_BOOL_CONVERSION = YES;
				CLANG_WARN_CONSTANT_CONVERSION = YES;
				CLANG_WARN_DIRECT_OBJC_ISA_USAGE = YES_ERROR;
				CLANG_WARN_EMPTY_BODY = YES;
				CLANG_WARN_ENUM_CONVERSION = YES;
				CLANG_WARN_INT_CONVERSION = YES;
				CLANG_WARN_OBJC_ROOT_CLASS = YES_ERROR;
				CLANG_WARN_UNREACHABLE_CODE = YES;
				CLANG_WARN__DUPLICATE_METHOD_MATCH = YES;
				"CODE_SIGN_IDENTITY[sdk=iphoneos*]" = "iPhone Developer";
				COPY_PHASE_STRIP = NO;
				DEBUG_INFORMATION_FORMAT = "dwarf-with-dsym";
				ENABLE_NS_ASSERTIONS = NO;
				ENABLE_STRICT_OBJC_MSGSEND = YES;
				GCC_C_LANGUAGE_STANDARD = gnu99;
				GCC_NO_COMMON_BLOCKS = YES;
				GCC_WARN_64_TO_32_BIT_CONVERSION = YES;
				GCC_WARN_ABOUT_RETURN_TYPE = YES_ERROR;
				GCC_WARN_UNDECLARED_SELECTOR = YES;
				GCC_WARN_UNINITIALIZED_AUTOS = YES_AGGRESSIVE;
				GCC_WARN_UNUSED_FUNCTION = YES;
				GCC_WARN_UNUSED_VARIABLE = YES;
				IPHONEOS_DEPLOYMENT_TARGET = 9.3;
				MTL_ENABLE_DEBUG_INFO = NO;
				SDKROOT = iphoneos;
				TARGETED_DEVICE_FAMILY = "1,2";
				VALIDATE_PRODUCT = YES;
			};
			name = Release;
		};
		61694FC71D1A814500F53466 /* Debug */ = {
			isa = XCBuildConfiguration;
			buildSettings = {
				ASSETCATALOG_COMPILER_APPICON_NAME = AppIcon;
				INFOPLIST_FILE = test/Info.plist;
				LD_RUNPATH_SEARCH_PATHS = "$(inherited) @executable_path/Frameworks";
				PRODUCT_BUNDLE_IDENTIFIER = imnu.edu.cn.test;
				PRODUCT_NAME = "$(TARGET_NAME)";
			};
			name = Debug;
		};
		61694FC81D1A814500F53466 /* Release */ = {
			isa = XCBuildConfiguration;
			buildSettings = {
				ASSETCATALOG_COMPILER_APPICON_NAME = AppIcon;
				INFOPLIST_FILE = test/Info.plist;
				LD_RUNPATH_SEARCH_PATHS = "$(inherited) @executable_path/Frameworks";
				PRODUCT_BUNDLE_IDENTIFIER = imnu.edu.cn.test;
				PRODUCT_NAME = "$(TARGET_NAME)";
			};
			name = Release;
		};
		61694FCA1D1A814500F53466 /* Debug */ = {
			isa = XCBuildConfiguration;
			buildSettings = {
				BUNDLE_LOADER = "$(TEST_HOST)";
				INFOPLIST_FILE = testTests/Info.plist;
				LD_RUNPATH_SEARCH_PATHS = "$(inherited) @executable_path/Frameworks @loader_path/Frameworks";
				PRODUCT_BUNDLE_IDENTIFIER = imnu.edu.cn.testTests;
				PRODUCT_NAME = "$(TARGET_NAME)";
				TEST_HOST = "$(BUILT_PRODUCTS_DIR)/test.app/test";
			};
			name = Debug;
		};
		61694FCB1D1A814500F53466 /* Release */ = {
			isa = XCBuildConfiguration;
			buildSettings = {
				BUNDLE_LOADER = "$(TEST_HOST)";
				INFOPLIST_FILE = testTests/Info.plist;
				LD_RUNPATH_SEARCH_PATHS = "$(inherited) @executable_path/Frameworks @loader_path/Frameworks";
				PRODUCT_BUNDLE_IDENTIFIER = imnu.edu.cn.testTests;
				PRODUCT_NAME = "$(TARGET_NAME)";
				TEST_HOST = "$(BUILT_PRODUCTS_DIR)/test.app/test";
			};
			name = Release;
		};
		61694FCD1D1A814500F53466 /* Debug */ = {
			isa = XCBuildConfiguration;
			buildSettings = {
				INFOPLIST_FILE = testUITests/Info.plist;
				LD_RUNPATH_SEARCH_PATHS = "$(inherited) @executable_path/Frameworks @loader_path/Frameworks";
				PRODUCT_BUNDLE_IDENTIFIER = imnu.edu.cn.testUITests;
				PRODUCT_NAME = "$(TARGET_NAME)";
				TEST_TARGET_NAME = test;
			};
			name = Debug;
		};
		61694FCE1D1A814500F53466 /* Release */ = {
			isa = XCBuildConfiguration;
			buildSettings = {
				INFOPLIST_FILE = testUITests/Info.plist;
				LD_RUNPATH_SEARCH_PATHS = "$(inherited) @executable_path/Frameworks @loader_path/Frameworks";
				PRODUCT_BUNDLE_IDENTIFIER = imnu.edu.cn.testUITests;
				PRODUCT_NAME = "$(TARGET_NAME)";
				TEST_TARGET_NAME = test;
			};
			name = Release;
		};
/* End XCBuildConfiguration section */

/* Begin XCConfigurationList section */
		61694F991D1A814500F53466 /* Build configuration list for PBXProject "test" */ = {
			isa = XCConfigurationList;
			buildConfigurations = (
				61694FC41D1A814500F53466 /* Debug */,
				61694FC51D1A814500F53466 /* Release */,
			);
			defaultConfigurationIsVisible = 0;
			defaultConfigurationName = Release;
		};
		61694FC61D1A814500F53466 /* Build configuration list for PBXNativeTarget "test" */ = {
			isa = XCConfigurationList;
			buildConfigurations = (
				61694FC71D1A814500F53466 /* Debug */,
				61694FC81D1A814500F53466 /* Release */,
			);
			defaultConfigurationIsVisible = 0;
		};
		61694FC91D1A814500F53466 /* Build configuration list for PBXNativeTarget "testTests" */ = {
			isa = XCConfigurationList;
			buildConfigurations = (
				61694FCA1D1A814500F53466 /* Debug */,
				61694FCB1D1A814500F53466 /* Release */,
			);
			defaultConfigurationIsVisible = 0;
		};
		61694FCC1D1A814500F53466 /* Build configuration list for PBXNativeTarget "testUITests" */ = {
			isa = XCConfigurationList;
			buildConfigurations = (
				61694FCD1D1A814500F53466 /* Debug */,
				61694FCE1D1A814500F53466 /* Release */,
			);
			defaultConfigurationIsVisible = 0;
		};
/* End XCConfigurationList section */
	};
	rootObject = 61694F961D1A814500F53466 /* Project object */;
}
